{
  "name": "copilot-byok-okta-credential",
  "version": "0.1.0",
  "lockfileVersion": 3,
  "requires": true,
  "packages": {
    "": {
      "name": "copilot-byok-okta-credential",
      "version": "0.1.0",
      "dependencies": {
        "@napi-rs/keyring": "2.1.0",
        "jose": "6.2.12",
        "open": "11.0.4",
        "openid-client": "6.8.8",
        "proper-lockfile": "4.1.2"
      },
      "engines": {
        "node": ">=22"
      }
    },
    "node_modules/@napi-rs/keyring": {
      "version": "2.1.0",
      "resolved": "https://ms-feed-25.pkgs.visualstudio.com/1es-public/_packaging/npm-public/npm/registry/@napi-rs/keyring/-/keyring-2.1.0.tgz",
      "integrity": "sha512-km9J3fomkGSLpImpelq0cMvLBrJ5eVlTzuWdG3Iy0laP6gU90MmHYjqhUhG32aYq0/0++r2TLuAA9xlnh4XU1g==",
      "license": "MIT",
      "engines": {
        "node": ">= 10"
      },
      "funding": {
        "type": "github",
        "url": "https://github.com/sponsors/Brooooooklyn"
      },
      "optionalDependencies": {
        "@napi-rs/keyring-darwin-arm64": "2.1.0",
        "@napi-rs/keyring-darwin-x64": "2.1.0",
        "@napi-rs/keyring-freebsd-x64": "2.1.0",
        "@napi-rs/keyring-linux-arm-gnueabihf": "2.1.0",
        "@napi-rs/keyring-linux-arm64-gnu": "2.1.0",
        "@napi-rs/keyring-linux-arm64-musl": "2.1.0",
        "@napi-rs/keyring-linux-riscv64-gnu": "2.1.0",
        "@napi-rs/keyring-linux-x64-gnu": "2.1.0",
        "@napi-rs/keyring-linux-x64-musl": "2.1.0",
        "@napi-rs/keyring-win32-arm64-msvc": "2.1.0",
        "@napi-rs/keyring-win32-ia32-msvc": "2.1.0",
        "@napi-rs/keyring-win32-x64-msvc": "2.1.0"
      }
    },
    "node_modules/@napi-rs/keyring-darwin-arm64": {
      "version": "2.1.0",
      "resolved": "https://ms-feed-25.pkgs.visualstudio.com/1es-public/_packaging/npm-public/npm/registry/@napi-rs/keyring-darwin-arm64/-/keyring-darwin-arm64-2.1.0.tgz",
      "integrity": "sha512-j6ATTOhmPW+N5EKwi8Yzn6P4Bz/uqnxzyYvqOL73/dgzDSYG5pS5eprqpVmOLse68WUTf79ZMqz97HnfvirJ9g==",
      "cpu": [
        "arm64"
      ],
      "license": "MIT",
      "optional": true,
      "os": [
        "darwin"
      ],
      "engines": {
        "node": ">= 10"
      }
    },
    "node_modules/@napi-rs/keyring-darwin-x64": {
      "version": "2.1.0",
      "resolved": "https://ms-feed-25.pkgs.visualstudio.com/1es-public/_packaging/npm-public/npm/registry/@napi-rs/keyring-darwin-x64/-/keyring-darwin-x64-2.1.0.tgz",
      "integrity": "sha512-54Q803nguiOaQzBG2h4uIkacI0eLGAlzzdpxPNi6IZtXbjqbPI4AQ86GrQy25tw3czBqRPBoGu0lHP2U+/f5iA==",
      "cpu": [
        "x64"
      ],
      "license": "MIT",
      "optional": true,
      "os": [
        "darwin"
      ],
      "engines": {
        "node": ">= 10"
      }
    },
    "node_modules/@napi-rs/keyring-freebsd-x64": {
      "version": "2.1.0",
      "resolved": "https://ms-feed-25.pkgs.visualstudio.com/1es-public/_packaging/npm-public/npm/registry/@napi-rs/keyring-freebsd-x64/-/keyring-freebsd-x64-2.1.0.tgz",
      "integrity": "sha512-BL7ngJAYQBrUp1PTF8enOXOIVfxN51RbwVOEQ+8eAjWypF/5Ipqs8oQoMqkuc0wAbk+vatnNVjdKCIFa/HPglg==",
      "cpu": [
        "x64"
      ],
      "license": "MIT",
      "optional": true,
      "os": [
        "freebsd"
      ],
      "engines": {
        "node": ">= 10"
      }
    },
    "node_modules/@napi-rs/keyring-linux-arm-gnueabihf": {
      "version": "2.1.0",
      "resolved": "https://ms-feed-25.pkgs.visualstudio.com/1es-public/_packaging/npm-public/npm/registry/@napi-rs/keyring-linux-arm-gnueabihf/-/keyring-linux-arm-gnueabihf-2.1.0.tgz",
      "integrity": "sha512-JYgbCDk+giss7lKla8NTXhM/fLj+Hrfgr3xwKQ8jKn8qMD6vXLwYcfK8HJ9VoAcjIeYEUpCL6dRszJC5M4zFNg==",
      "cpu": [
        "arm"
      ],
      "license": "MIT",
      "optional": true,
      "os": [
        "linux"
      ],
      "engines": {
        "node": ">= 10"
      }
    },
    "node_modules/@napi-rs/keyring-linux-arm64-gnu": {
      "version": "2.1.0",
      "resolved": "https://ms-feed-25.pkgs.visualstudio.com/1es-public/_packaging/npm-public/npm/registry/@napi-rs/keyring-linux-arm64-gnu/-/keyring-linux-arm64-gnu-2.1.0.tgz",
      "integrity": "sha512-+PMONFQ+2GkBXG7vRG2spgR73bNCMeVpNopHoSmhj2E+5Gu6zJooRBjoaIZKj6hCyrOU8pXAhoZ22EEFQ/4YeQ==",
      "cpu": [
        "arm64"
      ],
      "libc": [
        "glibc"
      ],
      "license": "MIT",
      "optional": true,
      "os": [
        "linux"
      ],
      "engines": {
        "node": ">= 10"
      }
    },
    "node_modules/@napi-rs/keyring-linux-arm64-musl": {
      "version": "2.1.0",
      "resolved": "https://ms-feed-25.pkgs.visualstudio.com/1es-public/_packaging/npm-public/npm/registry/@napi-rs/keyring-linux-arm64-musl/-/keyring-linux-arm64-musl-2.1.0.tgz",
      "integrity": "sha512-dKjiXKTHQjAS57hL0HVzLpW9XYNGFpfYkr/51FzIIvbZR08PAnzIDYKwShoNYGvjQP6+rDFf1a5Utl0aWwcFrA==",
      "cpu": [
        "arm64"
      ],
      "libc": [
        "musl"
      ],
      "license": "MIT",
      "optional": true,
      "os": [
        "linux"
      ],
      "engines": {
        "node": ">= 10"
      }
    },
    "node_modules/@napi-rs/keyring-linux-riscv64-gnu": {
      "version": "2.1.0",
      "resolved": "https://ms-feed-25.pkgs.visualstudio.com/1es-public/_packaging/npm-public/npm/registry/@napi-rs/keyring-linux-riscv64-gnu/-/keyring-linux-riscv64-gnu-2.1.0.tgz",
      "integrity": "sha512-tqhb0ofhtEJ2+ZfmlKTDHbmIoNSz+SSTPWRgMfSVCgI4JVkqDdfcmIOcThZfRffJ3QI9C3Tng+rZL24acmD+GA==",
      "cpu": [
        "riscv64"
      ],
      "libc": [
        "glibc"
      ],
      "license": "MIT",
      "optional": true,
      "os": [
        "linux"
      ],
      "engines": {
        "node": ">= 10"
      }
    },
    "node_modules/@napi-rs/keyring-linux-x64-gnu": {
      "version": "2.1.0",
      "resolved": "https://ms-feed-25.pkgs.visualstudio.com/1es-public/_packaging/npm-public/npm/registry/@napi-rs/keyring-linux-x64-gnu/-/keyring-linux-x64-gnu-2.1.0.tgz",
      "integrity": "sha512-7ZA0ssxfpuGXV8S5Ct1ZJoEL3sKg/8u7mIL4SK9/PwKBhxIq7K+FVcjnggNsuFnEhHTX+HYl9hHDrlX0odZnHg==",
      "cpu": [
        "x64"
      ],
      "libc": [
        "glibc"
      ],
      "license": "MIT",
      "optional": true,
      "os": [
        "linux"
      ],
      "engines": {
        "node": ">= 10"
      }
    },
    "node_modules/@napi-rs/keyring-linux-x64-musl": {
      "version": "2.1.0",
      "resolved": "https://ms-feed-25.pkgs.visualstudio.com/1es-public/_packaging/npm-public/npm/registry/@napi-rs/keyring-linux-x64-musl/-/keyring-linux-x64-musl-2.1.0.tgz",
      "integrity": "sha512-dI74Fzl03CrN2TEP7YVBtUBFgyRTRPyK1LMcIgAUfgW3o6f5SD1a8EsfT82+brpFOltjOhacIlFiYOkYtSI5Fg==",
      "cpu": [
        "x64"
      ],
      "libc": [
        "musl"
      ],
      "license": "MIT",
      "optional": true,
      "os": [
        "linux"
      ],
      "engines": {
        "node": ">= 10"
      }
    },
    "node_modules/@napi-rs/keyring-win32-arm64-msvc": {
      "version": "2.1.0",
      "resolved": "https://ms-feed-25.pkgs.visualstudio.com/1es-public/_packaging/npm-public/npm/registry/@napi-rs/keyring-win32-arm64-msvc/-/keyring-win32-arm64-msvc-2.1.0.tgz",
      "integrity": "sha512-SltrXXkEe9a+Jv8ConDkZW2Mdr0srpWurS7oYkYP1Mp07DNBpFyqawRnyo4p7ZvQU3e+R6irj/Fq0epCCvVUXA==",
      "cpu": [
        "arm64"
      ],
      "license": "MIT",
      "optional": true,
      "os": [
        "win32"
      ],
      "engines": {
        "node": ">= 10"
      }
    },
    "node_modules/@napi-rs/keyring-win32-ia32-msvc": {
      "version": "2.1.0",
      "resolved": "https://ms-feed-25.pkgs.visualstudio.com/1es-public/_packaging/npm-public/npm/registry/@napi-rs/keyring-win32-ia32-msvc/-/keyring-win32-ia32-msvc-2.1.0.tgz",
      "integrity": "sha512-l5wJQhqXkAfQ4FGxoRh0wMpL9VxVmfiYI5TTeOGNupuVsQvbHmysh8gfDQBBWVhyMENHJS2OqOSYIuqVjumAtA==",
      "cpu": [
        "ia32"
      ],
      "license": "MIT",
      "optional": true,
      "os": [
        "win32"
      ],
      "engines": {
        "node": ">= 10"
      }
    },
    "node_modules/@napi-rs/keyring-win32-x64-msvc": {
      "version": "2.1.0",
      "resolved": "https://ms-feed-25.pkgs.visualstudio.com/1es-public/_packaging/npm-public/npm/registry/@napi-rs/keyring-win32-x64-msvc/-/keyring-win32-x64-msvc-2.1.0.tgz",
      "integrity": "sha512-3zYwO7dhJiUNyv2te81ujXm2vGxHwgx+z2eBm0dTYe3aWpvKQVzpfxCp/7cViJs8duVYE04wVOgXiRhRCMEq2w==",
      "cpu": [
        "x64"
      ],
      "license": "MIT",
      "optional": true,
      "os": [
        "win32"
      ],
      "engines": {
        "node": ">= 10"
      }
    },
    "node_modules/bundle-name": {
      "version": "4.1.0",
      "resolved": "https://ms-feed-25.pkgs.visualstudio.com/1es-public/_packaging/npm-public/npm/registry/bundle-name/-/bundle-name-4.1.0.tgz",
      "integrity": "sha1-87lrNBYNZDGhnXaIE1r3z7h5eIk=",
      "license": "MIT",
      "dependencies": {
        "run-applescript": "^7.0.0"
      },
      "engines": {
        "node": ">=18"
      },
      "funding": {
        "url": "https://github.com/sponsors/sindresorhus"
      }
    },
    "node_modules/default-browser": {
      "version": "5.5.1",
      "resolved": "https://ms-feed-25.pkgs.visualstudio.com/1es-public/_packaging/npm-public/npm/registry/default-browser/-/default-browser-5.5.1.tgz",
      "integrity": "sha1-F5Cv/FJoD7sR4XyrJ1LWmqKjfSw=",
      "license": "MIT",
      "dependencies": {
        "bundle-name": "^4.1.0",
        "default-browser-id": "^5.0.0"
      },
      "engines": {
        "node": ">=18"
      },
      "funding": {
        "url": "https://github.com/sponsors/sindresorhus"
      }
    },
    "node_modules/default-browser-id": {
      "version": "5.0.1",
      "resolved": "https://ms-feed-25.pkgs.visualstudio.com/1es-public/_packaging/npm-public/npm/registry/default-browser-id/-/default-browser-id-5.0.1.tgz",
      "integrity": "sha1-96fMuPUQS/jg9xujscz6Xq/bIeg=",
      "license": "MIT",
      "engines": {
        "node": ">=18"
      },
      "funding": {
        "url": "https://github.com/sponsors/sindresorhus"
      }
    },
    "node_modules/define-lazy-prop": {
      "version": "3.0.0",
      "resolved": "https://ms-feed-25.pkgs.visualstudio.com/1es-public/_packaging/npm-public/npm/registry/define-lazy-prop/-/define-lazy-prop-3.0.0.tgz",
      "integrity": "sha1-27Ga37dG1/xtc0oGty9KANAhJV8=",
      "license": "MIT",
      "engines": {
        "node": ">=12"
      },
      "funding": {
        "url": "https://github.com/sponsors/sindresorhus"
      }
    },
    "node_modules/graceful-fs": {
      "version": "4.2.11",
      "resolved": "https://ms-feed-25.pkgs.visualstudio.com/1es-public/_packaging/npm-public/npm/registry/graceful-fs/-/graceful-fs-4.2.11.tgz",
      "integrity": "sha1-QYPk6L8Iu24Fu7L30uDI9xLKQOM=",
      "license": "ISC"
    },
    "node_modules/is-docker": {
      "version": "3.0.0",
      "resolved": "https://ms-feed-25.pkgs.visualstudio.com/1es-public/_packaging/npm-public/npm/registry/is-docker/-/is-docker-3.0.0.tgz",
      "integrity": "sha1-kAk6oxBid9inelkQ265xdH4VogA=",
      "license": "MIT",
      "bin": {
        "is-docker": "cli.js"
      },
      "engines": {
        "node": "^12.20.0 || ^14.13.1 || >=16.0.0"
      },
      "funding": {
        "url": "https://github.com/sponsors/sindresorhus"
      }
    },
    "node_modules/is-in-ssh": {
      "version": "1.0.0",
      "resolved": "https://ms-feed-25.pkgs.visualstudio.com/1es-public/_packaging/npm-public/npm/registry/is-in-ssh/-/is-in-ssh-1.0.0.tgz",
      "integrity": "sha1-jrc8HKu6d3SNOJWI7uoTKmMFdiI=",
      "license": "MIT",
      "engines": {
        "node": ">=20"
      },
      "funding": {
        "url": "https://github.com/sponsors/sindresorhus"
      }
    },
    "node_modules/is-inside-container": {
      "version": "1.0.0",
      "resolved": "https://ms-feed-25.pkgs.visualstudio.com/1es-public/_packaging/npm-public/npm/registry/is-inside-container/-/is-inside-container-1.0.0.tgz",
      "integrity": "sha1-6B+6aZZi6zHb2vJnZqYdSBRxfqQ=",
      "license": "MIT",
      "dependencies": {
        "is-docker": "^3.0.0"
      },
      "bin": {
        "is-inside-container": "cli.js"
      },
      "engines": {
        "node": ">=14.16"
      },
      "funding": {
        "url": "https://github.com/sponsors/sindresorhus"
      }
    },
    "node_modules/is-wsl": {
      "version": "3.1.1",
      "resolved": "https://ms-feed-25.pkgs.visualstudio.com/1es-public/_packaging/npm-public/npm/registry/is-wsl/-/is-wsl-3.1.1.tgz",
      "integrity": "sha1-MniXsmgyo+sRfabCdJLQTKEyWU8=",
      "license": "MIT",
      "dependencies": {
        "is-inside-container": "^1.0.0"
      },
      "engines": {
        "node": ">=16"
      },
      "funding": {
        "url": "https://github.com/sponsors/sindresorhus"
      }
    },
    "node_modules/jose": {
      "version": "6.2.12",
      "resolved": "https://ms-feed-25.pkgs.visualstudio.com/1es-public/_packaging/npm-public/npm/registry/jose/-/jose-6.2.12.tgz",
      "integrity": "sha1-ZWY+FG7dAQuY7Og/gXN9Oqlf0Nc=",
      "license": "MIT",
      "funding": {
        "url": "https://github.com/sponsors/panva"
      }
    },
    "node_modules/oauth4webapi": {
      "version": "3.8.8",
      "resolved": "https://ms-feed-25.pkgs.visualstudio.com/1es-public/_packaging/npm-public/npm/registry/oauth4webapi/-/oauth4webapi-3.8.8.tgz",
      "integrity": "sha1-BbR5dctiHN/V2tNc7Pr0EXDhXHk=",
      "license": "MIT",
      "funding": {
        "url": "https://github.com/sponsors/panva"
      }
    },
    "node_modules/open": {
      "version": "11.0.4",
      "resolved": "https://ms-feed-25.pkgs.visualstudio.com/1es-public/_packaging/npm-public/npm/registry/open/-/open-11.0.4.tgz",
      "integrity": "sha512-++Zlftm0kVLPmzC06t6epuWmcRMDbI4z5P3NNX979WA/k23+NtSOynEGzsVfZwguKw2mi5umVgnBlJQMwRz4Pg==",
      "license": "MIT",
      "dependencies": {
        "default-browser": "^5.5.1",
        "define-lazy-prop": "^3.0.0",
        "is-in-ssh": "^1.0.0",
        "is-inside-container": "^1.0.0",
        "powershell-utils": "^0.2.1",
        "wsl-utils": "^1.0.0"
      },
      "engines": {
        "node": ">=20"
      },
      "funding": {
        "url": "https://github.com/sponsors/sindresorhus"
      }
    },
    "node_modules/openid-client": {
      "version": "6.8.8",
      "resolved": "https://ms-feed-25.pkgs.visualstudio.com/1es-public/_packaging/npm-public/npm/registry/openid-client/-/openid-client-6.8.8.tgz",
      "integrity": "sha1-sYRIsUxUaO+It8F1vubYAYPWMxw=",
      "license": "MIT",
      "dependencies": {
        "jose": "^6.2.12",
        "oauth4webapi": "^3.8.8"
      },
      "funding": {
        "url": "https://github.com/sponsors/panva"
      }
    },
    "node_modules/powershell-utils": {
      "version": "0.2.1",
      "resolved": "https://ms-feed-25.pkgs.visualstudio.com/1es-public/_packaging/npm-public/npm/registry/powershell-utils/-/powershell-utils-0.2.1.tgz",
      "integrity": "sha1-CFMBb1s8EtUrlXHI/oBZZ32d2+I=",
      "license": "MIT",
      "engines": {
        "node": ">=20"
      },
      "funding": {
        "url": "https://github.com/sponsors/sindresorhus"
      }
    },
    "node_modules/proper-lockfile": {
      "version": "4.1.2",
      "resolved": "https://ms-feed-25.pkgs.visualstudio.com/1es-public/_packaging/npm-public/npm/registry/proper-lockfile/-/proper-lockfile-4.1.2.tgz",
      "integrity": "sha1-yLneKvay8WAQZ/mOAaxmuqIjFB8=",
      "license": "MIT",
      "dependencies": {
        "graceful-fs": "^4.2.4",
        "retry": "^0.12.0",
        "signal-exit": "^3.0.2"
      }
    },
    "node_modules/retry": {
      "version": "0.12.0",
      "resolved": "https://ms-feed-25.pkgs.visualstudio.com/1es-public/_packaging/npm-public/npm/registry/retry/-/retry-0.12.0.tgz",
      "integrity": "sha1-G0KmJmoh8HQh0bC1S33BZ7AcATs=",
      "license": "MIT",
      "engines": {
        "node": ">= 4"
      }
    },
    "node_modules/run-applescript": {
      "version": "7.1.0",
      "resolved": "https://ms-feed-25.pkgs.visualstudio.com/1es-public/_packaging/npm-public/npm/registry/run-applescript/-/run-applescript-7.1.0.tgz",
      "integrity": "sha1-Lp5UxGZOwxBsW1Yw4knT1llcSRE=",
      "license": "MIT",
      "engines": {
        "node": ">=18"
      },
      "funding": {
        "url": "https://github.com/sponsors/sindresorhus"
      }
    },
    "node_modules/signal-exit": {
      "version": "3.0.7",
      "resolved": "https://ms-feed-25.pkgs.visualstudio.com/1es-public/_packaging/npm-public/npm/registry/signal-exit/-/signal-exit-3.0.7.tgz",
      "integrity": "sha1-qaF2f4r4QVURTqq9c/mSc8j1mtk=",
      "license": "ISC"
    },
    "node_modules/wsl-utils": {
      "version": "1.0.0",
      "resolved": "https://ms-feed-25.pkgs.visualstudio.com/1es-public/_packaging/npm-public/npm/registry/wsl-utils/-/wsl-utils-1.0.0.tgz",
      "integrity": "sha1-4RPZlk52ZlfFP11XDaG7vf7n+Dc=",
      "license": "MIT",
      "dependencies": {
        "is-wsl": "^3.1.0",
        "powershell-utils": "^0.1.0"
      },
      "engines": {
        "node": ">=20"
      },
      "funding": {
        "url": "https://github.com/sponsors/sindresorhus"
      }
    },
    "node_modules/wsl-utils/node_modules/powershell-utils": {
      "version": "0.1.0",
      "resolved": "https://ms-feed-25.pkgs.visualstudio.com/1es-public/_packaging/npm-public/npm/registry/powershell-utils/-/powershell-utils-0.1.0.tgz",
      "integrity": "sha1-WkLJqCT7Ty8lHMtBqq5zMU9dasI=",
      "license": "MIT",
      "engines": {
        "node": ">=20"
      },
      "funding": {
        "url": "https://github.com/sponsors/sindresorhus"
      }
    }
  }
}
